
Microsoft Visual Studio Solution File, Format Version 12.00
# Visual Studio Version 17
VisualStudioVersion = 17.11.35312.102
MinimumVisualStudioVersion = 10.0.40219.1
Project("{FAE04EC0-301F-11D3-BF4B-00C04F79EFBC}") = "SystemLosowaniaOsobyDoOdpowiedzi", "SystemLosowaniaOsobyDoOdpowiedzi\SystemLosowaniaOsobyDoOdpowiedzi.csproj", "{71CA98E0-D0CE-49A8-9871-97E5B1111D8D}"
EndProject
Global
	GlobalSection(SolutionConfigurationPlatforms) = preSolution
		Debug|Any CPU = Debug|Any CPU
		Release|Any CPU = Release|Any CPU
	EndGlobalSection
	GlobalSection(ProjectConfigurationPlatforms) = postSolution
		{71CA98E0-D0CE-49A8-9871-97E5B1111D8D}.Debug|Any CPU.ActiveCfg = Debug|Any CPU
		{71CA98E0-D0CE-49A8-9871-97E5B1111D8D}.Debug|Any CPU.Build.0 = Debug|Any CPU
		{71CA98E0-D0CE-49A8-9871-97E5B1111D8D}.Debug|Any CPU.Deploy.0 = Debug|Any CPU
		{71CA98E0-D0CE-49A8-9871-97E5B1111D8D}.Release|Any CPU.ActiveCfg = Release|Any CPU
		{71CA98E0-D0CE-49A8-9871-97E5B1111D8D}.Release|Any CPU.Build.0 = Release|Any CPU
	EndGlobalSection
	GlobalSection(SolutionProperties) = preSolution
		HideSolutionNode = FALSE
	EndGlobalSection
	GlobalSection(ExtensibilityGlobals) = postSolution
		SolutionGuid = {F6A8C246-D889-4BA8-B077-0F267F0994E1}
	EndGlobalSection
EndGlobal
